
Microsoft Visual Studio Solution File, Format Version 12.00
# Visual Studio Version 16
VisualStudioVersion = 16.0.30011.22
MinimumVisualStudioVersion = 10.0.40219.1
Project("{FAE04EC0-301F-11D3-BF4B-00C04F79EFBC}") = "VeriTabaniCalismalari", "VeriTabaniCalismalari\VeriTabaniCalismalari.csproj", "{FED138C9-D694-4EB2-8FA0-AD01BA67A3CB}"
EndProject
Project("{2150E333-8FDC-42A3-9474-1A3956D46DE8}") = "NewFolder1", "NewFolder1", "{394570B0-0077-4370-A877-86C54D1FDA2A}"
EndProject
Global
	GlobalSection(SolutionConfigurationPlatforms) = preSolution
		Debug|Any CPU = Debug|Any CPU
		Release|Any CPU = Release|Any CPU
	EndGlobalSection
	GlobalSection(ProjectConfigurationPlatforms) = postSolution
		{FED138C9-D694-4EB2-8FA0-AD01BA67A3CB}.Debug|Any CPU.ActiveCfg = Debug|Any CPU
		{FED138C9-D694-4EB2-8FA0-AD01BA67A3CB}.Debug|Any CPU.Build.0 = Debug|Any CPU
		{FED138C9-D694-4EB2-8FA0-AD01BA67A3CB}.Release|Any CPU.ActiveCfg = Release|Any CPU
		{FED138C9-D694-4EB2-8FA0-AD01BA67A3CB}.Release|Any CPU.Build.0 = Release|Any CPU
	EndGlobalSection
	GlobalSection(SolutionProperties) = preSolution
		HideSolutionNode = FALSE
	EndGlobalSection
	GlobalSection(ExtensibilityGlobals) = postSolution
		SolutionGuid = {90FF37C8-8ADD-44C7-AC78-F47AA15B7BFC}
	EndGlobalSection
EndGlobal
